
Microsoft Visual Studio Solution File, Format Version 12.00
# Visual Studio Version 17
VisualStudioVersion = 17.5.002.0
MinimumVisualStudioVersion = 10.0.40219.1
Project("{2150E333-8FDC-42A3-9474-1A3956D46DE8}") = "07-.NET Core", "07-.NET Core", "{CD4791A0-D0B9-4619-B484-54AA9592AFC5}"
EndProject
Project("{2150E333-8FDC-42A3-9474-1A3956D46DE8}") = "console-app", "console-app", "{764B91CE-4E8E-4A07-A36A-91463B87564E}"
EndProject
Project("{9A19103F-16F7-4668-BE54-9A1E7A4F7556}") = "app", "07-.NET Core\console-app\app\app.csproj", "{BC82D0BF-BB24-4904-A5E3-8D12BC12F75B}"
EndProject
Project("{2150E333-8FDC-42A3-9474-1A3956D46DE8}") = "OOP", "OOP", "{26EE2A67-2B7C-4A97-B1C0-2A1247E17A32}"
EndProject
Project("{9A19103F-16F7-4668-BE54-9A1E7A4F7556}") = "classes", "07-.NET Core\OOP\classes\classes.csproj", "{D33851F6-7C39-43E0-814F-1CCEB821C9FE}"
EndProject
Global
	GlobalSection(SolutionConfigurationPlatforms) = preSolution
		Debug|Any CPU = Debug|Any CPU
		Release|Any CPU = Release|Any CPU
	EndGlobalSection
	GlobalSection(ProjectConfigurationPlatforms) = postSolution
		{BC82D0BF-BB24-4904-A5E3-8D12BC12F75B}.Debug|Any CPU.ActiveCfg = Debug|Any CPU
		{BC82D0BF-BB24-4904-A5E3-8D12BC12F75B}.Debug|Any CPU.Build.0 = Debug|Any CPU
		{BC82D0BF-BB24-4904-A5E3-8D12BC12F75B}.Release|Any CPU.ActiveCfg = Release|Any CPU
		{BC82D0BF-BB24-4904-A5E3-8D12BC12F75B}.Release|Any CPU.Build.0 = Release|Any CPU
		{D33851F6-7C39-43E0-814F-1CCEB821C9FE}.Debug|Any CPU.ActiveCfg = Debug|Any CPU
		{D33851F6-7C39-43E0-814F-1CCEB821C9FE}.Debug|Any CPU.Build.0 = Debug|Any CPU
		{D33851F6-7C39-43E0-814F-1CCEB821C9FE}.Release|Any CPU.ActiveCfg = Release|Any CPU
		{D33851F6-7C39-43E0-814F-1CCEB821C9FE}.Release|Any CPU.Build.0 = Release|Any CPU
	EndGlobalSection
	GlobalSection(SolutionProperties) = preSolution
		HideSolutionNode = FALSE
	EndGlobalSection
	GlobalSection(NestedProjects) = preSolution
		{764B91CE-4E8E-4A07-A36A-91463B87564E} = {CD4791A0-D0B9-4619-B484-54AA9592AFC5}
		{BC82D0BF-BB24-4904-A5E3-8D12BC12F75B} = {764B91CE-4E8E-4A07-A36A-91463B87564E}
		{26EE2A67-2B7C-4A97-B1C0-2A1247E17A32} = {CD4791A0-D0B9-4619-B484-54AA9592AFC5}
		{D33851F6-7C39-43E0-814F-1CCEB821C9FE} = {26EE2A67-2B7C-4A97-B1C0-2A1247E17A32}
	EndGlobalSection
	GlobalSection(ExtensibilityGlobals) = postSolution
		SolutionGuid = {7E7F6BF6-FE4B-4BA9-AC28-0E16873B4B79}
	EndGlobalSection
EndGlobal
